
Microsoft Visual Studio Solution File, Format Version 12.00
# Visual Studio 2013
VisualStudioVersion = 12.0.31101.0
MinimumVisualStudioVersion = 10.0.40219.1
Project("{FAE04EC0-301F-11D3-BF4B-00C04F79EFBC}") = "Sea_Fight_Yabl", "Sea_Fight_Yabl\Sea_Fight_Yabl.csproj", "{CC221063-6B74-4819-8C1F-984E1262FCE7}"
EndProject
Global
	GlobalSection(SolutionConfigurationPlatforms) = preSolution
		Debug|Any CPU = Debug|Any CPU
		Release|Any CPU = Release|Any CPU
	EndGlobalSection
	GlobalSection(ProjectConfigurationPlatforms) = postSolution
		{CC221063-6B74-4819-8C1F-984E1262FCE7}.Debug|Any CPU.ActiveCfg = Debug|Any CPU
		{CC221063-6B74-4819-8C1F-984E1262FCE7}.Debug|Any CPU.Build.0 = Debug|Any CPU
		{CC221063-6B74-4819-8C1F-984E1262FCE7}.Release|Any CPU.ActiveCfg = Release|Any CPU
		{CC221063-6B74-4819-8C1F-984E1262FCE7}.Release|Any CPU.Build.0 = Release|Any CPU
	EndGlobalSection
	GlobalSection(SolutionProperties) = preSolution
		HideSolutionNode = FALSE
	EndGlobalSection
EndGlobal
